
Microsoft Visual Studio Solution File, Format Version 12.00
Project("{FAE04EC0-301F-11D3-BF4B-00C04F79EFBC}") = "CakeBuild", "SpinningWheel\CakeBuild\CakeBuild.csproj", "{701BF9A7-964C-4945-8846-4FD1C366ABB1}"
EndProject
Project("{FAE04EC0-301F-11D3-BF4B-00C04F79EFBC}") = "SpinningWheel", "SpinningWheel\SpinningWheel\SpinningWheel.csproj", "{26F3740D-FE59-43F9-9F8E-5DF371A7E242}"
EndProject
Global
	GlobalSection(SolutionConfigurationPlatforms) = preSolution
		Debug|Any CPU = Debug|Any CPU
		Release|Any CPU = Release|Any CPU
	EndGlobalSection
	GlobalSection(ProjectConfigurationPlatforms) = postSolution
		{701BF9A7-964C-4945-8846-4FD1C366ABB1}.Debug|Any CPU.ActiveCfg = Debug|Any CPU
		{701BF9A7-964C-4945-8846-4FD1C366ABB1}.Debug|Any CPU.Build.0 = Debug|Any CPU
		{701BF9A7-964C-4945-8846-4FD1C366ABB1}.Release|Any CPU.ActiveCfg = Release|Any CPU
		{701BF9A7-964C-4945-8846-4FD1C366ABB1}.Release|Any CPU.Build.0 = Release|Any CPU
		{26F3740D-FE59-43F9-9F8E-5DF371A7E242}.Debug|Any CPU.ActiveCfg = Debug|Any CPU
		{26F3740D-FE59-43F9-9F8E-5DF371A7E242}.Debug|Any CPU.Build.0 = Debug|Any CPU
		{26F3740D-FE59-43F9-9F8E-5DF371A7E242}.Release|Any CPU.ActiveCfg = Release|Any CPU
		{26F3740D-FE59-43F9-9F8E-5DF371A7E242}.Release|Any CPU.Build.0 = Release|Any CPU
	EndGlobalSection
EndGlobal
